
Microsoft Visual Studio Solution File, Format Version 12.00
# Visual Studio Version 17
VisualStudioVersion = 17.10.35027.167
MinimumVisualStudioVersion = 10.0.40219.1
Project("{FAE04EC0-301F-11D3-BF4B-00C04F79EFBC}") = "MVCBlogSite", "MVCBlogSite\MVCBlogSite.csproj", "{0BBDC452-7A8A-4743-A028-7D7210A4E27A}"
EndProject
Project("{FAE04EC0-301F-11D3-BF4B-00C04F79EFBC}") = "DAL", "DAL\DAL.csproj", "{63557680-CB17-400C-9273-B10D5FB39472}"
EndProject
Project("{FAE04EC0-301F-11D3-BF4B-00C04F79EFBC}") = "BLL", "BLL\BLL.csproj", "{2E31E050-D2AF-4168-AEDE-87F90B7F6E22}"
EndProject
Global
	GlobalSection(SolutionConfigurationPlatforms) = preSolution
		Debug|Any CPU = Debug|Any CPU
		Release|Any CPU = Release|Any CPU
	EndGlobalSection
	GlobalSection(ProjectConfigurationPlatforms) = postSolution
		{0BBDC452-7A8A-4743-A028-7D7210A4E27A}.Debug|Any CPU.ActiveCfg = Debug|Any CPU
		{0BBDC452-7A8A-4743-A028-7D7210A4E27A}.Debug|Any CPU.Build.0 = Debug|Any CPU
		{0BBDC452-7A8A-4743-A028-7D7210A4E27A}.Release|Any CPU.ActiveCfg = Release|Any CPU
		{0BBDC452-7A8A-4743-A028-7D7210A4E27A}.Release|Any CPU.Build.0 = Release|Any CPU
		{63557680-CB17-400C-9273-B10D5FB39472}.Debug|Any CPU.ActiveCfg = Debug|Any CPU
		{63557680-CB17-400C-9273-B10D5FB39472}.Debug|Any CPU.Build.0 = Debug|Any CPU
		{63557680-CB17-400C-9273-B10D5FB39472}.Release|Any CPU.ActiveCfg = Release|Any CPU
		{63557680-CB17-400C-9273-B10D5FB39472}.Release|Any CPU.Build.0 = Release|Any CPU
		{2E31E050-D2AF-4168-AEDE-87F90B7F6E22}.Debug|Any CPU.ActiveCfg = Debug|Any CPU
		{2E31E050-D2AF-4168-AEDE-87F90B7F6E22}.Debug|Any CPU.Build.0 = Debug|Any CPU
		{2E31E050-D2AF-4168-AEDE-87F90B7F6E22}.Release|Any CPU.ActiveCfg = Release|Any CPU
		{2E31E050-D2AF-4168-AEDE-87F90B7F6E22}.Release|Any CPU.Build.0 = Release|Any CPU
	EndGlobalSection
	GlobalSection(SolutionProperties) = preSolution
		HideSolutionNode = FALSE
	EndGlobalSection
	GlobalSection(ExtensibilityGlobals) = postSolution
		SolutionGuid = {A2FF10CC-752F-498C-BDA1-651514432508}
	EndGlobalSection
EndGlobal
